
Microsoft Visual Studio Solution File, Format Version 12.00
# Visual Studio Version 17
VisualStudioVersion = 17.9.34622.214
MinimumVisualStudioVersion = 10.0.40219.1
Project("{FAE04EC0-301F-11D3-BF4B-00C04F79EFBC}") = "ltm-ungdungchat", "ltm-ungdungchat.csproj", "{CAA92EDF-D9E7-4CE3-A089-AF5E9467ED0B}"
EndProject
Global
	GlobalSection(SolutionConfigurationPlatforms) = preSolution
		Debug|Any CPU = Debug|Any CPU
		Release|Any CPU = Release|Any CPU
	EndGlobalSection
	GlobalSection(ProjectConfigurationPlatforms) = postSolution
		{CAA92EDF-D9E7-4CE3-A089-AF5E9467ED0B}.Debug|Any CPU.ActiveCfg = Debug|Any CPU
		{CAA92EDF-D9E7-4CE3-A089-AF5E9467ED0B}.Debug|Any CPU.Build.0 = Debug|Any CPU
		{CAA92EDF-D9E7-4CE3-A089-AF5E9467ED0B}.Release|Any CPU.ActiveCfg = Release|Any CPU
		{CAA92EDF-D9E7-4CE3-A089-AF5E9467ED0B}.Release|Any CPU.Build.0 = Release|Any CPU
	EndGlobalSection
	GlobalSection(SolutionProperties) = preSolution
		HideSolutionNode = FALSE
	EndGlobalSection
	GlobalSection(ExtensibilityGlobals) = postSolution
		SolutionGuid = {C44505EC-4274-4013-A87C-7CB68FAF69FB}
	EndGlobalSection
EndGlobal
